
Microsoft Visual Studio Solution File, Format Version 12.00
# Visual Studio Version 17
VisualStudioVersion = 17.7.33711.374
MinimumVisualStudioVersion = 10.0.40219.1
Project("{FAE04EC0-301F-11D3-BF4B-00C04F79EFBC}") = "SayisalLoto", "SayisalLoto.csproj", "{78285F22-F1FB-4A22-9C73-D27377B6CF93}"
EndProject
Global
	GlobalSection(SolutionConfigurationPlatforms) = preSolution
		Debug|Any CPU = Debug|Any CPU
		Release|Any CPU = Release|Any CPU
	EndGlobalSection
	GlobalSection(ProjectConfigurationPlatforms) = postSolution
		{78285F22-F1FB-4A22-9C73-D27377B6CF93}.Debug|Any CPU.ActiveCfg = Debug|Any CPU
		{78285F22-F1FB-4A22-9C73-D27377B6CF93}.Debug|Any CPU.Build.0 = Debug|Any CPU
		{78285F22-F1FB-4A22-9C73-D27377B6CF93}.Release|Any CPU.ActiveCfg = Release|Any CPU
		{78285F22-F1FB-4A22-9C73-D27377B6CF93}.Release|Any CPU.Build.0 = Release|Any CPU
	EndGlobalSection
	GlobalSection(SolutionProperties) = preSolution
		HideSolutionNode = FALSE
	EndGlobalSection
	GlobalSection(ExtensibilityGlobals) = postSolution
		SolutionGuid = {2030724D-C293-4EA8-B8ED-28A950A51EA2}
	EndGlobalSection
EndGlobal
